// !$*UTF8*$!
{
	archiveVersion = 1;
	classes = {
	};
	objectVersion = 56;
	objects = {

/* Begin PBXBuildFile section */
		2A113E3B2A6D3F82006BB5C7 /* LandmarkDetail.swift in Sources */ = {isa = PBXBuildFile; fileRef = 2A113E3A2A6D3F82006BB5C7 /* LandmarkDetail.swift */; };
		2A1BF3702A7008B800741A01 /* Profile.swift in Sources */ = {isa = PBXBuildFile; fileRef = 2A1BF36F2A7008B800741A01 /* Profile.swift */; };
		2A1BF3732A7009BC00741A01 /* ProfileHost.swift in Sources */ = {isa = PBXBuildFile; fileRef = 2A1BF3722A7009BC00741A01 /* ProfileHost.swift */; };
		2A1BF3752A700A2700741A01 /* ProfileSummary.swift in Sources */ = {isa = PBXBuildFile; fileRef = 2A1BF3742A700A2700741A01 /* ProfileSummary.swift */; };
		2A1BF3772A700B8600741A01 /* HikeBadge.swift in Sources */ = {isa = PBXBuildFile; fileRef = 2A1BF3762A700B8500741A01 /* HikeBadge.swift */; };
		2A2E0F972A71339400BAADB5 /* PageViewController.swift in Sources */ = {isa = PBXBuildFile; fileRef = 2A2E0F962A71339400BAADB5 /* PageViewController.swift */; };
		2A2E0F992A71389700BAADB5 /* FeatureCard.swift in Sources */ = {isa = PBXBuildFile; fileRef = 2A2E0F982A71389700BAADB5 /* FeatureCard.swift */; };
		2A2E0F9B2A713A7800BAADB5 /* PageView.swift in Sources */ = {isa = PBXBuildFile; fileRef = 2A2E0F9A2A713A7800BAADB5 /* PageView.swift */; };
		2A2E0F9D2A71599700BAADB5 /* PageControl.swift in Sources */ = {isa = PBXBuildFile; fileRef = 2A2E0F9C2A71599700BAADB5 /* PageControl.swift */; };
		2A37A1B42A6F9F5700847848 /* CategoryRow.swift in Sources */ = {isa = PBXBuildFile; fileRef = 2A37A1B32A6F9F5700847848 /* CategoryRow.swift */; };
		2A37A1B62A6FA21200847848 /* CategoryItem.swift in Sources */ = {isa = PBXBuildFile; fileRef = 2A37A1B52A6FA21200847848 /* CategoryItem.swift */; };
		2A37A1B82A6FDE6600847848 /* Resources.swift in Sources */ = {isa = PBXBuildFile; fileRef = 2A37A1B72A6FDE6600847848 /* Resources.swift */; };
		2A58C9AB2A6BCB1B00348B6C /* CircleImage.swift in Sources */ = {isa = PBXBuildFile; fileRef = 2A58C9AA2A6BCB1B00348B6C /* CircleImage.swift */; };
		2A58C9AD2A6BCC2100348B6C /* MapView.swift in Sources */ = {isa = PBXBuildFile; fileRef = 2A58C9AC2A6BCC2100348B6C /* MapView.swift */; };
		2A58C9CA2A6BD62700348B6C /* landmarkData.json in Resources */ = {isa = PBXBuildFile; fileRef = 2A58C9BD2A6BD62700348B6C /* landmarkData.json */; };
		2A58C9CC2A6BD67200348B6C /* Landmark.swift in Sources */ = {isa = PBXBuildFile; fileRef = 2A58C9CB2A6BD67200348B6C /* Landmark.swift */; };
		2A58C9CE2A6BD84E00348B6C /* ModelData.swift in Sources */ = {isa = PBXBuildFile; fileRef = 2A58C9CD2A6BD84E00348B6C /* ModelData.swift */; };
		2A58C9D32A6BDB8E00348B6C /* LandmarkRow.swift in Sources */ = {isa = PBXBuildFile; fileRef = 2A58C9D22A6BDB8E00348B6C /* LandmarkRow.swift */; };
		2A6B4B672B303D5300A70985 /* .gitignore in Resources */ = {isa = PBXBuildFile; fileRef = 2A6B4B662B303D5300A70985 /* .gitignore */; };
		2A6B4B6F2B3040CA00A70985 /* MainScreenList.png in Resources */ = {isa = PBXBuildFile; fileRef = 2A6B4B6A2B3040C900A70985 /* MainScreenList.png */; };
		2A6B4B702B3040CA00A70985 /* MainScreenCollection.png in Resources */ = {isa = PBXBuildFile; fileRef = 2A6B4B6B2B3040C900A70985 /* MainScreenCollection.png */; };
		2A6B4B712B3040CA00A70985 /* DetailView.png in Resources */ = {isa = PBXBuildFile; fileRef = 2A6B4B6C2B3040CA00A70985 /* DetailView.png */; };
		2A6B4B722B3040CA00A70985 /* ProfileEditing.png in Resources */ = {isa = PBXBuildFile; fileRef = 2A6B4B6D2B3040CA00A70985 /* ProfileEditing.png */; };
		2A6B4B732B3040CA00A70985 /* Profile.png in Resources */ = {isa = PBXBuildFile; fileRef = 2A6B4B6E2B3040CA00A70985 /* Profile.png */; };
		2A7B78472A6C6E1E0030A657 /* LandmarkList.swift in Sources */ = {isa = PBXBuildFile; fileRef = 2A7B78462A6C6E1E0030A657 /* LandmarkList.swift */; };
		2AAA11192A6E5466005386EC /* Devices.swift in Sources */ = {isa = PBXBuildFile; fileRef = 2AAA11182A6E5466005386EC /* Devices.swift */; };
		2AD125E32A6E91B400429779 /* FavoriteButton.swift in Sources */ = {isa = PBXBuildFile; fileRef = 2AD125E22A6E91B400429779 /* FavoriteButton.swift */; };
		2AD125E72A6EAA1F00429779 /* HexagonParameters.swift in Sources */ = {isa = PBXBuildFile; fileRef = 2AD125E62A6EAA1F00429779 /* HexagonParameters.swift */; };
		2AD125E92A6EACF600429779 /* BadgeBackground.swift in Sources */ = {isa = PBXBuildFile; fileRef = 2AD125E82A6EACF600429779 /* BadgeBackground.swift */; };
		2AD125EB2A6EB28000429779 /* BadgeSymbol.swift in Sources */ = {isa = PBXBuildFile; fileRef = 2AD125EA2A6EB28000429779 /* BadgeSymbol.swift */; };
		2AD125ED2A6EB56000429779 /* RotateBadgeSymbol.swift in Sources */ = {isa = PBXBuildFile; fileRef = 2AD125EC2A6EB56000429779 /* RotateBadgeSymbol.swift */; };
		2AD125EF2A6EB67500429779 /* Badge.swift in Sources */ = {isa = PBXBuildFile; fileRef = 2AD125EE2A6EB67400429779 /* Badge.swift */; };
		2AD125F22A6EBBB300429779 /* hikeData.json in Resources */ = {isa = PBXBuildFile; fileRef = 2AD125F12A6EBBB200429779 /* hikeData.json */; };
		2AD125F42A6EBBDE00429779 /* Hike.swift in Sources */ = {isa = PBXBuildFile; fileRef = 2AD125F32A6EBBDE00429779 /* Hike.swift */; };
		2AD125FA2A6EBD5200429779 /* GraphCapsule.swift in Sources */ = {isa = PBXBuildFile; fileRef = 2AD125F62A6EBD5200429779 /* GraphCapsule.swift */; };
		2AD125FB2A6EBD5200429779 /* HikeGraph.swift in Sources */ = {isa = PBXBuildFile; fileRef = 2AD125F72A6EBD5200429779 /* HikeGraph.swift */; };
		2AD125FC2A6EBD5200429779 /* HikeDetail.swift in Sources */ = {isa = PBXBuildFile; fileRef = 2AD125F82A6EBD5200429779 /* HikeDetail.swift */; };
		2AD125FD2A6EBD5200429779 /* HikeView.swift in Sources */ = {isa = PBXBuildFile; fileRef = 2AD125F92A6EBD5200429779 /* HikeView.swift */; };
		2AD126002A6EFE7D00429779 /* CategoryHome.swift in Sources */ = {isa = PBXBuildFile; fileRef = 2AD125FF2A6EFE7D00429779 /* CategoryHome.swift */; };
		2ADDD7542A6ADD6700C026D6 /* LandmarksApp.swift in Sources */ = {isa = PBXBuildFile; fileRef = 2ADDD7532A6ADD6700C026D6 /* LandmarksApp.swift */; };
		2ADDD7562A6ADD6700C026D6 /* ContentView.swift in Sources */ = {isa = PBXBuildFile; fileRef = 2ADDD7552A6ADD6700C026D6 /* ContentView.swift */; };
		2ADDD7582A6ADD6800C026D6 /* Assets.xcassets in Resources */ = {isa = PBXBuildFile; fileRef = 2ADDD7572A6ADD6800C026D6 /* Assets.xcassets */; };
		2ADDD75B2A6ADD6800C026D6 /* Preview Assets.xcassets in Resources */ = {isa = PBXBuildFile; fileRef = 2ADDD75A2A6ADD6800C026D6 /* Preview Assets.xcassets */; };
		2AF234842A70187400B7BE2F /* ProfileEditor.swift in Sources */ = {isa = PBXBuildFile; fileRef = 2AF234832A70187400B7BE2F /* ProfileEditor.swift */; };
/* End PBXBuildFile section */

/* Begin PBXFileReference section */
		2A113E3A2A6D3F82006BB5C7 /* LandmarkDetail.swift */ = {isa = PBXFileReference; lastKnownFileType = sourcecode.swift; path = LandmarkDetail.swift; sourceTree = "<group>"; };
		2A1BF36F2A7008B800741A01 /* Profile.swift */ = {isa = PBXFileReference; lastKnownFileType = sourcecode.swift; path = Profile.swift; sourceTree = "<group>"; };
		2A1BF3722A7009BC00741A01 /* ProfileHost.swift */ = {isa = PBXFileReference; lastKnownFileType = sourcecode.swift; path = ProfileHost.swift; sourceTree = "<group>"; };
		2A1BF3742A700A2700741A01 /* ProfileSummary.swift */ = {isa = PBXFileReference; lastKnownFileType = sourcecode.swift; path = ProfileSummary.swift; sourceTree = "<group>"; };
		2A1BF3762A700B8500741A01 /* HikeBadge.swift */ = {isa = PBXFileReference; lastKnownFileType = sourcecode.swift; path = HikeBadge.swift; sourceTree = "<group>"; };
		2A2E0F962A71339400BAADB5 /* PageViewController.swift */ = {isa = PBXFileReference; lastKnownFileType = sourcecode.swift; path = PageViewController.swift; sourceTree = "<group>"; };
		2A2E0F982A71389700BAADB5 /* FeatureCard.swift */ = {isa = PBXFileReference; lastKnownFileType = sourcecode.swift; path = FeatureCard.swift; sourceTree = "<group>"; };
		2A2E0F9A2A713A7800BAADB5 /* PageView.swift */ = {isa = PBXFileReference; lastKnownFileType = sourcecode.swift; path = PageView.swift; sourceTree = "<group>"; };
		2A2E0F9C2A71599700BAADB5 /* PageControl.swift */ = {isa = PBXFileReference; lastKnownFileType = sourcecode.swift; path = PageControl.swift; sourceTree = "<group>"; };
		2A37A1B32A6F9F5700847848 /* CategoryRow.swift */ = {isa = PBXFileReference; lastKnownFileType = sourcecode.swift; path = CategoryRow.swift; sourceTree = "<group>"; };
		2A37A1B52A6FA21200847848 /* CategoryItem.swift */ = {isa = PBXFileReference; lastKnownFileType = sourcecode.swift; path = CategoryItem.swift; sourceTree = "<group>"; };
		2A37A1B72A6FDE6600847848 /* Resources.swift */ = {isa = PBXFileReference; lastKnownFileType = sourcecode.swift; path = Resources.swift; sourceTree = "<group>"; };
		2A58C9AA2A6BCB1B00348B6C /* CircleImage.swift */ = {isa = PBXFileReference; lastKnownFileType = sourcecode.swift; path = CircleImage.swift; sourceTree = "<group>"; };
		2A58C9AC2A6BCC2100348B6C /* MapView.swift */ = {isa = PBXFileReference; lastKnownFileType = sourcecode.swift; path = MapView.swift; sourceTree = "<group>"; };
		2A58C9BD2A6BD62700348B6C /* landmarkData.json */ = {isa = PBXFileReference; fileEncoding = 4; lastKnownFileType = text.json; path = landmarkData.json; sourceTree = "<group>"; };
		2A58C9CB2A6BD67200348B6C /* Landmark.swift */ = {isa = PBXFileReference; lastKnownFileType = sourcecode.swift; path = Landmark.swift; sourceTree = "<group>"; };
		2A58C9CD2A6BD84E00348B6C /* ModelData.swift */ = {isa = PBXFileReference; lastKnownFileType = sourcecode.swift; path = ModelData.swift; sourceTree = "<group>"; };
		2A58C9D22A6BDB8E00348B6C /* LandmarkRow.swift */ = {isa = PBXFileReference; lastKnownFileType = sourcecode.swift; path = LandmarkRow.swift; sourceTree = "<group>"; };
		2A6B4B662B303D5300A70985 /* .gitignore */ = {isa = PBXFileReference; lastKnownFileType = text; path = .gitignore; sourceTree = "<group>"; };
		2A6B4B682B303E3C00A70985 /* README.md */ = {isa = PBXFileReference; lastKnownFileType = net.daringfireball.markdown; path = README.md; sourceTree = "<group>"; wrapsLines = 1; };
		2A6B4B6A2B3040C900A70985 /* MainScreenList.png */ = {isa = PBXFileReference; lastKnownFileType = image.png; path = MainScreenList.png; sourceTree = "<group>"; };
		2A6B4B6B2B3040C900A70985 /* MainScreenCollection.png */ = {isa = PBXFileReference; lastKnownFileType = image.png; path = MainScreenCollection.png; sourceTree = "<group>"; };
		2A6B4B6C2B3040CA00A70985 /* DetailView.png */ = {isa = PBXFileReference; lastKnownFileType = image.png; path = DetailView.png; sourceTree = "<group>"; };
		2A6B4B6D2B3040CA00A70985 /* ProfileEditing.png */ = {isa = PBXFileReference; lastKnownFileType = image.png; path = ProfileEditing.png; sourceTree = "<group>"; };
		2A6B4B6E2B3040CA00A70985 /* Profile.png */ = {isa = PBXFileReference; lastKnownFileType = image.png; path = Profile.png; sourceTree = "<group>"; };
		2A7B78462A6C6E1E0030A657 /* LandmarkList.swift */ = {isa = PBXFileReference; lastKnownFileType = sourcecode.swift; path = LandmarkList.swift; sourceTree = "<group>"; };
		2AAA11182A6E5466005386EC /* Devices.swift */ = {isa = PBXFileReference; lastKnownFileType = sourcecode.swift; path = Devices.swift; sourceTree = "<group>"; };
		2AD125E22A6E91B400429779 /* FavoriteButton.swift */ = {isa = PBXFileReference; lastKnownFileType = sourcecode.swift; path = FavoriteButton.swift; sourceTree = "<group>"; };
		2AD125E62A6EAA1F00429779 /* HexagonParameters.swift */ = {isa = PBXFileReference; lastKnownFileType = sourcecode.swift; path = HexagonParameters.swift; sourceTree = "<group>"; };
		2AD125E82A6EACF600429779 /* BadgeBackground.swift */ = {isa = PBXFileReference; lastKnownFileType = sourcecode.swift; path = BadgeBackground.swift; sourceTree = "<group>"; };
		2AD125EA2A6EB28000429779 /* BadgeSymbol.swift */ = {isa = PBXFileReference; lastKnownFileType = sourcecode.swift; path = BadgeSymbol.swift; sourceTree = "<group>"; };
		2AD125EC2A6EB56000429779 /* RotateBadgeSymbol.swift */ = {isa = PBXFileReference; lastKnownFileType = sourcecode.swift; path = RotateBadgeSymbol.swift; sourceTree = "<group>"; };
		2AD125EE2A6EB67400429779 /* Badge.swift */ = {isa = PBXFileReference; lastKnownFileType = sourcecode.swift; path = Badge.swift; sourceTree = "<group>"; };
		2AD125F12A6EBBB200429779 /* hikeData.json */ = {isa = PBXFileReference; fileEncoding = 4; lastKnownFileType = text.json; path = hikeData.json; sourceTree = "<group>"; };
		2AD125F32A6EBBDE00429779 /* Hike.swift */ = {isa = PBXFileReference; lastKnownFileType = sourcecode.swift; path = Hike.swift; sourceTree = "<group>"; };
		2AD125F62A6EBD5200429779 /* GraphCapsule.swift */ = {isa = PBXFileReference; fileEncoding = 4; lastKnownFileType = sourcecode.swift; path = GraphCapsule.swift; sourceTree = "<group>"; };
		2AD125F72A6EBD5200429779 /* HikeGraph.swift */ = {isa = PBXFileReference; fileEncoding = 4; lastKnownFileType = sourcecode.swift; path = HikeGraph.swift; sourceTree = "<group>"; };
		2AD125F82A6EBD5200429779 /* HikeDetail.swift */ = {isa = PBXFileReference; fileEncoding = 4; lastKnownFileType = sourcecode.swift; path = HikeDetail.swift; sourceTree = "<group>"; };
		2AD125F92A6EBD5200429779 /* HikeView.swift */ = {isa = PBXFileReference; fileEncoding = 4; lastKnownFileType = sourcecode.swift; path = HikeView.swift; sourceTree = "<group>"; };
		2AD125FF2A6EFE7D00429779 /* CategoryHome.swift */ = {isa = PBXFileReference; lastKnownFileType = sourcecode.swift; path = CategoryHome.swift; sourceTree = "<group>"; };
		2ADDD7502A6ADD6700C026D6 /* Landmarks.app */ = {isa = PBXFileReference; explicitFileType = wrapper.application; includeInIndex = 0; path = Landmarks.app; sourceTree = BUILT_PRODUCTS_DIR; };
		2ADDD7532A6ADD6700C026D6 /* LandmarksApp.swift */ = {isa = PBXFileReference; lastKnownFileType = sourcecode.swift; path = LandmarksApp.swift; sourceTree = "<group>"; };
		2ADDD7552A6ADD6700C026D6 /* ContentView.swift */ = {isa = PBXFileReference; lastKnownFileType = sourcecode.swift; path = ContentView.swift; sourceTree = "<group>"; };
		2ADDD7572A6ADD6800C026D6 /* Assets.xcassets */ = {isa = PBXFileReference; lastKnownFileType = folder.assetcatalog; path = Assets.xcassets; sourceTree = "<group>"; };
		2ADDD75A2A6ADD6800C026D6 /* Preview Assets.xcassets */ = {isa = PBXFileReference; lastKnownFileType = folder.assetcatalog; path = "Preview Assets.xcassets"; sourceTree = "<group>"; };
		2AF234832A70187400B7BE2F /* ProfileEditor.swift */ = {isa = PBXFileReference; lastKnownFileType = sourcecode.swift; path = ProfileEditor.swift; sourceTree = "<group>"; };
/* End PBXFileReference section */

/* Begin PBXFrameworksBuildPhase section */
		2ADDD74D2A6ADD6700C026D6 /* Frameworks */ = {
			isa = PBXFrameworksBuildPhase;
			buildActionMask = 2147483647;
			files = (
			);
			runOnlyForDeploymentPostprocessing = 0;
		};
/* End PBXFrameworksBuildPhase section */

/* Begin PBXGroup section */
		2A1BF3712A70099400741A01 /* Profiles */ = {
			isa = PBXGroup;
			children = (
				2A1BF3722A7009BC00741A01 /* ProfileHost.swift */,
				2A1BF3742A700A2700741A01 /* ProfileSummary.swift */,
				2AF234832A70187400B7BE2F /* ProfileEditor.swift */,
			);
			path = Profiles;
			sourceTree = "<group>";
		};
		2A2E0F952A71336200BAADB5 /* PageView */ = {
			isa = PBXGroup;
			children = (
				2A2E0F962A71339400BAADB5 /* PageViewController.swift */,
				2A2E0F982A71389700BAADB5 /* FeatureCard.swift */,
				2A2E0F9A2A713A7800BAADB5 /* PageView.swift */,
				2A2E0F9C2A71599700BAADB5 /* PageControl.swift */,
			);
			path = PageView;
			sourceTree = "<group>";
		};
		2A58C9AE2A6BD62700348B6C /* Resources */ = {
			isa = PBXGroup;
			children = (
				2AD125F12A6EBBB200429779 /* hikeData.json */,
				2A58C9BD2A6BD62700348B6C /* landmarkData.json */,
			);
			path = Resources;
			sourceTree = "<group>";
		};
		2A58C9CF2A6BDA7300348B6C /* Views */ = {
			isa = PBXGroup;
			children = (
				2ADDD7552A6ADD6700C026D6 /* ContentView.swift */,
				2AD125F02A6EB84100429779 /* Badges */,
				2AD125FE2A6EFE6100429779 /* Categories */,
				2AD125E42A6EA62700429779 /* Helpers */,
				2AD125F52A6EBD5200429779 /* Hikes */,
				2AD125E52A6EA63000429779 /* Landmarks */,
				2A2E0F952A71336200BAADB5 /* PageView */,
				2A1BF3712A70099400741A01 /* Profiles */,
			);
			path = Views;
			sourceTree = "<group>";
		};
		2A58C9D02A6BDA9F00348B6C /* Models */ = {
			isa = PBXGroup;
			children = (
				2AD125F32A6EBBDE00429779 /* Hike.swift */,
				2A58C9CB2A6BD67200348B6C /* Landmark.swift */,
				2A58C9CD2A6BD84E00348B6C /* ModelData.swift */,
				2A1BF36F2A7008B800741A01 /* Profile.swift */,
			);
			path = Models;
			sourceTree = "<group>";
		};
		2A58C9D12A6BDB1200348B6C /* SupportingFiles */ = {
			isa = PBXGroup;
			children = (
				2ADDD7572A6ADD6800C026D6 /* Assets.xcassets */,
			);
			path = SupportingFiles;
			sourceTree = "<group>";
		};
		2A6B4B692B30406D00A70985 /* Images */ = {
			isa = PBXGroup;
			children = (
				2A6B4B6C2B3040CA00A70985 /* DetailView.png */,
				2A6B4B6B2B3040C900A70985 /* MainScreenCollection.png */,
				2A6B4B6A2B3040C900A70985 /* MainScreenList.png */,
				2A6B4B6E2B3040CA00A70985 /* Profile.png */,
				2A6B4B6D2B3040CA00A70985 /* ProfileEditing.png */,
			);
			path = Images;
			sourceTree = "<group>";
		};
		2AAA11172A6E5456005386EC /* Helpers */ = {
			isa = PBXGroup;
			children = (
				2AAA11182A6E5466005386EC /* Devices.swift */,
				2A37A1B72A6FDE6600847848 /* Resources.swift */,
			);
			path = Helpers;
			sourceTree = "<group>";
		};
		2AD125E42A6EA62700429779 /* Helpers */ = {
			isa = PBXGroup;
			children = (
				2A58C9AA2A6BCB1B00348B6C /* CircleImage.swift */,
				2AD125E22A6E91B400429779 /* FavoriteButton.swift */,
				2A58C9AC2A6BCC2100348B6C /* MapView.swift */,
			);
			path = Helpers;
			sourceTree = "<group>";
		};
		2AD125E52A6EA63000429779 /* Landmarks */ = {
			isa = PBXGroup;
			children = (
				2A113E3A2A6D3F82006BB5C7 /* LandmarkDetail.swift */,
				2A7B78462A6C6E1E0030A657 /* LandmarkList.swift */,
				2A58C9D22A6BDB8E00348B6C /* LandmarkRow.swift */,
			);
			path = Landmarks;
			sourceTree = "<group>";
		};
		2AD125F02A6EB84100429779 /* Badges */ = {
			isa = PBXGroup;
			children = (
				2AD125EE2A6EB67400429779 /* Badge.swift */,
				2AD125E82A6EACF600429779 /* BadgeBackground.swift */,
				2AD125EA2A6EB28000429779 /* BadgeSymbol.swift */,
				2AD125E62A6EAA1F00429779 /* HexagonParameters.swift */,
				2AD125EC2A6EB56000429779 /* RotateBadgeSymbol.swift */,
			);
			path = Badges;
			sourceTree = "<group>";
		};
		2AD125F52A6EBD5200429779 /* Hikes */ = {
			isa = PBXGroup;
			children = (
				2AD125F62A6EBD5200429779 /* GraphCapsule.swift */,
				2AD125F82A6EBD5200429779 /* HikeDetail.swift */,
				2AD125F72A6EBD5200429779 /* HikeGraph.swift */,
				2AD125F92A6EBD5200429779 /* HikeView.swift */,
				2A1BF3762A700B8500741A01 /* HikeBadge.swift */,
			);
			path = Hikes;
			sourceTree = "<group>";
		};
		2AD125FE2A6EFE6100429779 /* Categories */ = {
			isa = PBXGroup;
			children = (
				2AD125FF2A6EFE7D00429779 /* CategoryHome.swift */,
				2A37A1B32A6F9F5700847848 /* CategoryRow.swift */,
				2A37A1B52A6FA21200847848 /* CategoryItem.swift */,
			);
			path = Categories;
			sourceTree = "<group>";
		};
		2ADDD7472A6ADD6600C026D6 = {
			isa = PBXGroup;
			children = (
				2A6B4B692B30406D00A70985 /* Images */,
				2A6B4B682B303E3C00A70985 /* README.md */,
				2A6B4B662B303D5300A70985 /* .gitignore */,
				2ADDD7522A6ADD6700C026D6 /* Landmarks */,
				2ADDD7512A6ADD6700C026D6 /* Products */,
			);
			sourceTree = "<group>";
		};
		2ADDD7512A6ADD6700C026D6 /* Products */ = {
			isa = PBXGroup;
			children = (
				2ADDD7502A6ADD6700C026D6 /* Landmarks.app */,
			);
			name = Products;
			sourceTree = "<group>";
		};
		2ADDD7522A6ADD6700C026D6 /* Landmarks */ = {
			isa = PBXGroup;
			children = (
				2ADDD7532A6ADD6700C026D6 /* LandmarksApp.swift */,
				2AAA11172A6E5456005386EC /* Helpers */,
				2A58C9D02A6BDA9F00348B6C /* Models */,
				2ADDD7592A6ADD6800C026D6 /* Preview Content */,
				2A58C9AE2A6BD62700348B6C /* Resources */,
				2A58C9D12A6BDB1200348B6C /* SupportingFiles */,
				2A58C9CF2A6BDA7300348B6C /* Views */,
			);
			path = Landmarks;
			sourceTree = "<group>";
		};
		2ADDD7592A6ADD6800C026D6 /* Preview Content */ = {
			isa = PBXGroup;
			children = (
				2ADDD75A2A6ADD6800C026D6 /* Preview Assets.xcassets */,
			);
			path = "Preview Content";
			sourceTree = "<group>";
		};
/* End PBXGroup section */

/* Begin PBXNativeTarget section */
		2ADDD74F2A6ADD6700C026D6 /* Landmarks */ = {
			isa = PBXNativeTarget;
			buildConfigurationList = 2ADDD75E2A6ADD6800C026D6 /* Build configuration list for PBXNativeTarget "Landmarks" */;
			buildPhases = (
				2ADDD74C2A6ADD6700C026D6 /* Sources */,
				2ADDD74D2A6ADD6700C026D6 /* Frameworks */,
				2ADDD74E2A6ADD6700C026D6 /* Resources */,
			);
			buildRules = (
			);
			dependencies = (
			);
			name = Landmarks;
			productName = Landmarks;
			productReference = 2ADDD7502A6ADD6700C026D6 /* Landmarks.app */;
			productType = "com.apple.product-type.application";
		};
/* End PBXNativeTarget section */

/* Begin PBXProject section */
		2ADDD7482A6ADD6600C026D6 /* Project object */ = {
			isa = PBXProject;
			attributes = {
				BuildIndependentTargetsInParallel = 1;
				LastSwiftUpdateCheck = 1430;
				LastUpgradeCheck = 1430;
				TargetAttributes = {
					2ADDD74F2A6ADD6700C026D6 = {
						CreatedOnToolsVersion = 14.3.1;
					};
				};
			};
			buildConfigurationList = 2ADDD74B2A6ADD6600C026D6 /* Build configuration list for PBXProject "Landmarks" */;
			compatibilityVersion = "Xcode 14.0";
			developmentRegion = en;
			hasScannedForEncodings = 0;
			knownRegions = (
				en,
				Base,
			);
			mainGroup = 2ADDD7472A6ADD6600C026D6;
			productRefGroup = 2ADDD7512A6ADD6700C026D6 /* Products */;
			projectDirPath = "";
			projectRoot = "";
			targets = (
				2ADDD74F2A6ADD6700C026D6 /* Landmarks */,
			);
		};
/* End PBXProject section */

/* Begin PBXResourcesBuildPhase section */
		2ADDD74E2A6ADD6700C026D6 /* Resources */ = {
			isa = PBXResourcesBuildPhase;
			buildActionMask = 2147483647;
			files = (
				2A6B4B672B303D5300A70985 /* .gitignore in Resources */,
				2A6B4B732B3040CA00A70985 /* Profile.png in Resources */,
				2A6B4B712B3040CA00A70985 /* DetailView.png in Resources */,
				2AD125F22A6EBBB300429779 /* hikeData.json in Resources */,
				2ADDD75B2A6ADD6800C026D6 /* Preview Assets.xcassets in Resources */,
				2A58C9CA2A6BD62700348B6C /* landmarkData.json in Resources */,
				2ADDD7582A6ADD6800C026D6 /* Assets.xcassets in Resources */,
				2A6B4B6F2B3040CA00A70985 /* MainScreenList.png in Resources */,
				2A6B4B702B3040CA00A70985 /* MainScreenCollection.png in Resources */,
				2A6B4B722B3040CA00A70985 /* ProfileEditing.png in Resources */,
			);
			runOnlyForDeploymentPostprocessing = 0;
		};
/* End PBXResourcesBuildPhase section */

/* Begin PBXSourcesBuildPhase section */
		2ADDD74C2A6ADD6700C026D6 /* Sources */ = {
			isa = PBXSourcesBuildPhase;
			buildActionMask = 2147483647;
			files = (
				2AD125F42A6EBBDE00429779 /* Hike.swift in Sources */,
				2AD125E72A6EAA1F00429779 /* HexagonParameters.swift in Sources */,
				2AF234842A70187400B7BE2F /* ProfileEditor.swift in Sources */,
				2A1BF3752A700A2700741A01 /* ProfileSummary.swift in Sources */,
				2ADDD7562A6ADD6700C026D6 /* ContentView.swift in Sources */,
				2A1BF3702A7008B800741A01 /* Profile.swift in Sources */,
				2AD125ED2A6EB56000429779 /* RotateBadgeSymbol.swift in Sources */,
				2AD126002A6EFE7D00429779 /* CategoryHome.swift in Sources */,
				2A1BF3732A7009BC00741A01 /* ProfileHost.swift in Sources */,
				2AD125FB2A6EBD5200429779 /* HikeGraph.swift in Sources */,
				2A37A1B42A6F9F5700847848 /* CategoryRow.swift in Sources */,
				2A58C9AD2A6BCC2100348B6C /* MapView.swift in Sources */,
				2ADDD7542A6ADD6700C026D6 /* LandmarksApp.swift in Sources */,
				2A7B78472A6C6E1E0030A657 /* LandmarkList.swift in Sources */,
				2A2E0F972A71339400BAADB5 /* PageViewController.swift in Sources */,
				2A37A1B62A6FA21200847848 /* CategoryItem.swift in Sources */,
				2A113E3B2A6D3F82006BB5C7 /* LandmarkDetail.swift in Sources */,
				2A58C9AB2A6BCB1B00348B6C /* CircleImage.swift in Sources */,
				2A2E0F992A71389700BAADB5 /* FeatureCard.swift in Sources */,
				2A2E0F9B2A713A7800BAADB5 /* PageView.swift in Sources */,
				2AD125EB2A6EB28000429779 /* BadgeSymbol.swift in Sources */,
				2AD125EF2A6EB67500429779 /* Badge.swift in Sources */,
				2A58C9CC2A6BD67200348B6C /* Landmark.swift in Sources */,
				2AD125E92A6EACF600429779 /* BadgeBackground.swift in Sources */,
				2AAA11192A6E5466005386EC /* Devices.swift in Sources */,
				2A1BF3772A700B8600741A01 /* HikeBadge.swift in Sources */,
				2AD125FA2A6EBD5200429779 /* GraphCapsule.swift in Sources */,
				2AD125FD2A6EBD5200429779 /* HikeView.swift in Sources */,
				2A58C9D32A6BDB8E00348B6C /* LandmarkRow.swift in Sources */,
				2AD125E32A6E91B400429779 /* FavoriteButton.swift in Sources */,
				2A58C9CE2A6BD84E00348B6C /* ModelData.swift in Sources */,
				2A37A1B82A6FDE6600847848 /* Resources.swift in Sources */,
				2A2E0F9D2A71599700BAADB5 /* PageControl.swift in Sources */,
				2AD125FC2A6EBD5200429779 /* HikeDetail.swift in Sources */,
			);
			runOnlyForDeploymentPostprocessing = 0;
		};
/* End PBXSourcesBuildPhase section */

/* Begin XCBuildConfiguration section */
		2ADDD75C2A6ADD6800C026D6 /* Debug */ = {
			isa = XCBuildConfiguration;
			buildSettings = {
				ALWAYS_SEARCH_USER_PATHS = NO;
				CLANG_ANALYZER_NONNULL = YES;
				CLANG_ANALYZER_NUMBER_OBJECT_CONVERSION = YES_AGGRESSIVE;
				CLANG_CXX_LANGUAGE_STANDARD = "gnu++20";
				CLANG_ENABLE_MODULES = YES;
				CLANG_ENABLE_OBJC_ARC = YES;
				CLANG_ENABLE_OBJC_WEAK = YES;
				CLANG_WARN_BLOCK_CAPTURE_AUTORELEASING = YES;
				CLANG_WARN_BOOL_CONVERSION = YES;
				CLANG_WARN_COMMA = YES;
				CLANG_WARN_CONSTANT_CONVERSION = YES;
				CLANG_WARN_DEPRECATED_OBJC_IMPLEMENTATIONS = YES;
				CLANG_WARN_DIRECT_OBJC_ISA_USAGE = YES_ERROR;
				CLANG_WARN_DOCUMENTATION_COMMENTS = YES;
				CLANG_WARN_EMPTY_BODY = YES;
				CLANG_WARN_ENUM_CONVERSION = YES;
				CLANG_WARN_INFINITE_RECURSION = YES;
				CLANG_WARN_INT_CONVERSION = YES;
				CLANG_WARN_NON_LITERAL_NULL_CONVERSION = YES;
				CLANG_WARN_OBJC_IMPLICIT_RETAIN_SELF = YES;
				CLANG_WARN_OBJC_LITERAL_CONVERSION = YES;
				CLANG_WARN_OBJC_ROOT_CLASS = YES_ERROR;
				CLANG_WARN_QUOTED_INCLUDE_IN_FRAMEWORK_HEADER = YES;
				CLANG_WARN_RANGE_LOOP_ANALYSIS = YES;
				CLANG_WARN_STRICT_PROTOTYPES = YES;
				CLANG_WARN_SUSPICIOUS_MOVE = YES;
				CLANG_WARN_UNGUARDED_AVAILABILITY = YES_AGGRESSIVE;
				CLANG_WARN_UNREACHABLE_CODE = YES;
				CLANG_WARN__DUPLICATE_METHOD_MATCH = YES;
				COPY_PHASE_STRIP = NO;
				DEBUG_INFORMATION_FORMAT = dwarf;
				ENABLE_STRICT_OBJC_MSGSEND = YES;
				ENABLE_TESTABILITY = YES;
				GCC_C_LANGUAGE_STANDARD = gnu11;
				GCC_DYNAMIC_NO_PIC = NO;
				GCC_NO_COMMON_BLOCKS = YES;
				GCC_OPTIMIZATION_LEVEL = 0;
				GCC_PREPROCESSOR_DEFINITIONS = (
					"DEBUG=1",
					"$(inherited)",
				);
				GCC_WARN_64_TO_32_BIT_CONVERSION = YES;
				GCC_WARN_ABOUT_RETURN_TYPE = YES_ERROR;
				GCC_WARN_UNDECLARED_SELECTOR = YES;
				GCC_WARN_UNINITIALIZED_AUTOS = YES_AGGRESSIVE;
				GCC_WARN_UNUSED_FUNCTION = YES;
				GCC_WARN_UNUSED_VARIABLE = YES;
				IPHONEOS_DEPLOYMENT_TARGET = 16.4;
				MTL_ENABLE_DEBUG_INFO = INCLUDE_SOURCE;
				MTL_FAST_MATH = YES;
				ONLY_ACTIVE_ARCH = YES;
				SDKROOT = iphoneos;
				SWIFT_ACTIVE_COMPILATION_CONDITIONS = DEBUG;
				SWIFT_OPTIMIZATION_LEVEL = "-Onone";
			};
			name = Debug;
		};
		2ADDD75D2A6ADD6800C026D6 /* Release */ = {
			isa = XCBuildConfiguration;
			buildSettings = {
				ALWAYS_SEARCH_USER_PATHS = NO;
				CLANG_ANALYZER_NONNULL = YES;
				CLANG_ANALYZER_NUMBER_OBJECT_CONVERSION = YES_AGGRESSIVE;
				CLANG_CXX_LANGUAGE_STANDARD = "gnu++20";
				CLANG_ENABLE_MODULES = YES;
				CLANG_ENABLE_OBJC_ARC = YES;
				CLANG_ENABLE_OBJC_WEAK = YES;
				CLANG_WARN_BLOCK_CAPTURE_AUTORELEASING = YES;
				CLANG_WARN_BOOL_CONVERSION = YES;
				CLANG_WARN_COMMA = YES;
				CLANG_WARN_CONSTANT_CONVERSION = YES;
				CLANG_WARN_DEPRECATED_OBJC_IMPLEMENTATIONS = YES;
				CLANG_WARN_DIRECT_OBJC_ISA_USAGE = YES_ERROR;
				CLANG_WARN_DOCUMENTATION_COMMENTS = YES;
				CLANG_WARN_EMPTY_BODY = YES;
				CLANG_WARN_ENUM_CONVERSION = YES;
				CLANG_WARN_INFINITE_RECURSION = YES;
				CLANG_WARN_INT_CONVERSION = YES;
				CLANG_WARN_NON_LITERAL_NULL_CONVERSION = YES;
				CLANG_WARN_OBJC_IMPLICIT_RETAIN_SELF = YES;
				CLANG_WARN_OBJC_LITERAL_CONVERSION = YES;
				CLANG_WARN_OBJC_ROOT_CLASS = YES_ERROR;
				CLANG_WARN_QUOTED_INCLUDE_IN_FRAMEWORK_HEADER = YES;
				CLANG_WARN_RANGE_LOOP_ANALYSIS = YES;
				CLANG_WARN_STRICT_PROTOTYPES = YES;
				CLANG_WARN_SUSPICIOUS_MOVE = YES;
				CLANG_WARN_UNGUARDED_AVAILABILITY = YES_AGGRESSIVE;
				CLANG_WARN_UNREACHABLE_CODE = YES;
				CLANG_WARN__DUPLICATE_METHOD_MATCH = YES;
				COPY_PHASE_STRIP = NO;
				DEBUG_INFORMATION_FORMAT = "dwarf-with-dsym";
				ENABLE_NS_ASSERTIONS = NO;
				ENABLE_STRICT_OBJC_MSGSEND = YES;
				GCC_C_LANGUAGE_STANDARD = gnu11;
				GCC_NO_COMMON_BLOCKS = YES;
				GCC_WARN_64_TO_32_BIT_CONVERSION = YES;
				GCC_WARN_ABOUT_RETURN_TYPE = YES_ERROR;
				GCC_WARN_UNDECLARED_SELECTOR = YES;
				GCC_WARN_UNINITIALIZED_AUTOS = YES_AGGRESSIVE;
				GCC_WARN_UNUSED_FUNCTION = YES;
				GCC_WARN_UNUSED_VARIABLE = YES;
				IPHONEOS_DEPLOYMENT_TARGET = 16.4;
				MTL_ENABLE_DEBUG_INFO = NO;
				MTL_FAST_MATH = YES;
				SDKROOT = iphoneos;
				SWIFT_COMPILATION_MODE = wholemodule;
				SWIFT_OPTIMIZATION_LEVEL = "-O";
				VALIDATE_PRODUCT = YES;
			};
			name = Release;
		};
		2ADDD75F2A6ADD6800C026D6 /* Debug */ = {
			isa = XCBuildConfiguration;
			buildSettings = {
				ASSETCATALOG_COMPILER_APPICON_NAME = AppIcon;
				ASSETCATALOG_COMPILER_GLOBAL_ACCENT_COLOR_NAME = AccentColor;
				CODE_SIGN_STYLE = Automatic;
				CURRENT_PROJECT_VERSION = 1;
				DEVELOPMENT_ASSET_PATHS = "\"Landmarks/Preview Content\"";
				DEVELOPMENT_TEAM = H94WDCFCK6;
				ENABLE_PREVIEWS = YES;
				GENERATE_INFOPLIST_FILE = YES;
				INFOPLIST_KEY_UIApplicationSceneManifest_Generation = YES;
				INFOPLIST_KEY_UIApplicationSupportsIndirectInputEvents = YES;
				INFOPLIST_KEY_UILaunchScreen_Generation = YES;
				INFOPLIST_KEY_UISupportedInterfaceOrientations_iPad = "UIInterfaceOrientationPortrait UIInterfaceOrientationPortraitUpsideDown UIInterfaceOrientationLandscapeLeft UIInterfaceOrientationLandscapeRight";
				INFOPLIST_KEY_UISupportedInterfaceOrientations_iPhone = "UIInterfaceOrientationPortrait UIInterfaceOrientationLandscapeLeft UIInterfaceOrientationLandscapeRight";
				LD_RUNPATH_SEARCH_PATHS = (
					"$(inherited)",
					"@executable_path/Frameworks",
				);
				MARKETING_VERSION = 1.0;
				PRODUCT_BUNDLE_IDENTIFIER = com.alekseev.oleg.Landmarks;
				PRODUCT_NAME = "$(TARGET_NAME)";
				SWIFT_EMIT_LOC_STRINGS = YES;
				SWIFT_VERSION = 5.0;
				TARGETED_DEVICE_FAMILY = "1,2";
			};
			name = Debug;
		};
		2ADDD7602A6ADD6800C026D6 /* Release */ = {
			isa = XCBuildConfiguration;
			buildSettings = {
				ASSETCATALOG_COMPILER_APPICON_NAME = AppIcon;
				ASSETCATALOG_COMPILER_GLOBAL_ACCENT_COLOR_NAME = AccentColor;
				CODE_SIGN_STYLE = Automatic;
				CURRENT_PROJECT_VERSION = 1;
				DEVELOPMENT_ASSET_PATHS = "\"Landmarks/Preview Content\"";
				DEVELOPMENT_TEAM = H94WDCFCK6;
				ENABLE_PREVIEWS = YES;
				GENERATE_INFOPLIST_FILE = YES;
				INFOPLIST_KEY_UIApplicationSceneManifest_Generation = YES;
				INFOPLIST_KEY_UIApplicationSupportsIndirectInputEvents = YES;
				INFOPLIST_KEY_UILaunchScreen_Generation = YES;
				INFOPLIST_KEY_UISupportedInterfaceOrientations_iPad = "UIInterfaceOrientationPortrait UIInterfaceOrientationPortraitUpsideDown UIInterfaceOrientationLandscapeLeft UIInterfaceOrientationLandscapeRight";
				INFOPLIST_KEY_UISupportedInterfaceOrientations_iPhone = "UIInterfaceOrientationPortrait UIInterfaceOrientationLandscapeLeft UIInterfaceOrientationLandscapeRight";
				LD_RUNPATH_SEARCH_PATHS = (
					"$(inherited)",
					"@executable_path/Frameworks",
				);
				MARKETING_VERSION = 1.0;
				PRODUCT_BUNDLE_IDENTIFIER = com.alekseev.oleg.Landmarks;
				PRODUCT_NAME = "$(TARGET_NAME)";
				SWIFT_EMIT_LOC_STRINGS = YES;
				SWIFT_VERSION = 5.0;
				TARGETED_DEVICE_FAMILY = "1,2";
			};
			name = Release;
		};
/* End XCBuildConfiguration section */

/* Begin XCConfigurationList section */
		2ADDD74B2A6ADD6600C026D6 /* Build configuration list for PBXProject "Landmarks" */ = {
			isa = XCConfigurationList;
			buildConfigurations = (
				2ADDD75C2A6ADD6800C026D6 /* Debug */,
				2ADDD75D2A6ADD6800C026D6 /* Release */,
			);
			defaultConfigurationIsVisible = 0;
			defaultConfigurationName = Release;
		};
		2ADDD75E2A6ADD6800C026D6 /* Build configuration list for PBXNativeTarget "Landmarks" */ = {
			isa = XCConfigurationList;
			buildConfigurations = (
				2ADDD75F2A6ADD6800C026D6 /* Debug */,
				2ADDD7602A6ADD6800C026D6 /* Release */,
			);
			defaultConfigurationIsVisible = 0;
			defaultConfigurationName = Release;
		};
/* End XCConfigurationList section */
	};
	rootObject = 2ADDD7482A6ADD6600C026D6 /* Project object */;
}
